version = 1
revision = 3
requires-python = ">=3.10"
resolution-markers = [
    "python_full_version >= '3.14'",
    "python_full_version == '3.13.*'",
    "python_full_version < '3.13'",
]

[[package]]
name = "googleapis-common-protos"
version = "1.75.0"
source = { registry = "https://pypi.org/simple" }
dependencies = [
    { name = "protobuf" },
]
sdist = { url = "https://files.pythonhosted.org/packages/b5/c8/f439cffde755cffa462bfbb156278fa6f9d09119719af9814b858fd4f81f/googleapis_common_protos-1.75.0.tar.gz", hash = "sha256:53a062ff3c32552fbd62c11fe23768b78e4ddf0494d5e5fd97d3f4689c75fbbd", size = 151035, upload-time = "2026-05-07T08:04:49.423Z" }
wheels = [
    { url = "https://files.pythonhosted.org/packages/e7/c8/e2645aa8ed02fd4c7a2f59d68783b65b1f3cbdfe39a6308e156509d1fee8/googleapis_common_protos-1.75.0-py3-none-any.whl", hash = "sha256:961ed60399c457ceb0ee8f285a84c870aabc9c6a832b9d37bb281b5bebde43ed", size = 300631, upload-time = "2026-05-07T08:03:30.345Z" },
]

[[package]]
name = "grpcio"
version = "1.82.1"
source = { registry = "https://pypi.org/simple" }
dependencies = [
    { name = "typing-extensions" },
]
sdist = { url = "https://files.pythonhosted.org/packages/90/bc/656b89387d6f4ed7e0686c7b64c2ae7e554a759aa58122c8e5fb99392c32/grpcio-1.82.1.tar.gz", hash = "sha256:707b24abd90fcb1e45bcc080577da1dbf9971d107490589b9539af8e1e77b4b5", size = 13187300, upload-time = "2026-07-08T12:36:16.588Z" }
wheels = [
    { url = "https://files.pythonhosted.org/packages/a3/14/5d05bfd85c101cbe44a12d7c1cea9c40698e0438cddf3a70019f735b5a27/grpcio-1.82.1-cp310-cp310-linux_armv7l.whl", hash = "sha256:91859d1cac5f47caec5fc40e9f827500cdb54ce5b36450dc9a65616b5af49c17", size = 6177087, upload-time = "2026-07-08T12:34:06.825Z" },
    { url = "https://files.pythonhosted.org/packages/19/2e/c906f8e6d0b54c0137885fff6f7b5883c6bbc381b44a0ba5ea07d7d1579b/grpcio-1.82.1-cp310-cp310-macosx_11_0_universal2.whl", hash = "sha256:c80c9741dcef192f669876a81957cf7713b441c2f0c43631350d75fa49321d31", size = 11960907, upload-time = "2026-07-08T12:34:10.583Z" },
    { url = "https://files.pythonhosted.org/packages/de/be/ec4aa76cdf25539b9e960cbb9d5739f892ea6cde58078b5293860c1159d3/grpcio-1.82.1-cp310-cp310-manylinux2014_aarch64.manylinux_2_17_aarch64.whl", hash = "sha256:b89cff456796d2f0581783726ad017a2c70aff2d27b0f05504c34e2e417f7560", size = 6754802, upload-time = "2026-07-08T12:34:13.082Z" },
    { url = "https://files.pythonhosted.org/packages/e6/dd/47519c2a8fd9db47ec4493f44bd9f5b0175307e07089b1132e54b7b5b19c/grpcio-1.82.1-cp310-cp310-manylinux2014_i686.manylinux_2_17_i686.whl", hash = "sha256:d6e8a08f7038ba7a77f71e250804e4aba84fe91d22cfc54ff43c07b7529c4728", size = 7484535, upload-time = "2026-07-08T12:34:15.164Z" },
    { url = "https://files.pythonhosted.org/packages/63/99/659711e9689c4dd553bcd4eacff9cb9f458f34b60edf7afb3bbc1b0a58a2/grpcio-1.82.1-cp310-cp310-manylinux2014_x86_64.manylinux_2_17_x86_64.whl", hash = "sha256:50fd2fe83426b1b1c6cdc4d72d555223b7dddf8ce07c5bac218b13fc6d684c6f", size = 6919066, upload-time = "2026-07-08T12:34:17.367Z" },
    { url = "https://files.pythonhosted.org/packages/29/39/f2b772356b4f593ffe439795509fcbf675b0ff98211ae8ce2a180f2e559f/grpcio-1.82.1-cp310-cp310-musllinux_1_2_aarch64.whl", hash = "sha256:b758540a24d5394a9c578bf9f6126389f474b106ac3d9df1d53de56cb14c9fd9", size = 7525855, upload-time = "2026-07-08T12:34:19.479Z" },
    { url = "https://files.pythonhosted.org/packages/a7/06/b28cfffb989a84d8272593498bddd2d68148cce1813ad55189c469b0f1f8/grpcio-1.82.1-cp310-cp310-musllinux_1_2_i686.whl", hash = "sha256:c4ba4aac238f685743575d9d700003ac16537cce26e7c774993134f530652464", size = 8565122, upload-time = "2026-07-08T12:34:21.951Z" },
    { url = "https://files.pythonhosted.org/packages/97/f9/54956cb0c701190cbc9d7e535c3f84acf0285c6b9ed198a902766e17c3cd/grpcio-1.82.1-cp310-cp310-musllinux_1_2_x86_64.whl", hash = "sha256:ed6fc621d6f366c88a60f0b971d5afd21d441d9aa561ee688de5b7acdb2cf901", size = 7933872, upload-time = "2026-07-08T12:34:24.539Z" },
    { url = "https://files.pythonhosted.org/packages/76/85/5f9cd1f965bbe4329556a212f178ae0c072b18b446cae05ed32fa8847c53/grpcio-1.82.1-cp310-cp310-win32.whl", hash = "sha256:bd2f45e46fff5b91c10997d0743a987517a7dde67c64c592835c2dcaac66f587", size = 4257373, upload-time = "2026-07-08T12:34:26.566Z" },
    { url = "https://files.pythonhosted.org/packages/93/b0/c4f42f7c69c53d27ed41643421b55908bcbe885b68f5a208135c72917c98/grpcio-1.82.1-cp310-cp310-win_amd64.whl", hash = "sha256:5e171d5f0d6a0af78ea7512783f170a44f80c165259d8773e3a354a7f991f2b5", size = 5006571, upload-time = "2026-07-08T12:34:28.778Z" },
    { url = "https://files.pythonhosted.org/packages/26/5b/e5092af97fa671ca279b3e373251af4bf87d5fbda7dc85f6a616899562a7/grpcio-1.82.1-cp311-cp311-linux_armv7l.whl", hash = "sha256:0ddb18a9a9e1f46692b3567ae4abb3f8d117ce6afea48650f8eca06d8ab5d06f", size = 6181472, upload-time = "2026-07-08T12:34:31.009Z" },
    { url = "https://files.pythonhosted.org/packages/c1/8f/18053a3a2ca03d0c2a1b8cc7271e705007a16aa5dae84bac00935c5b1a7f/grpcio-1.82.1-cp311-cp311-macosx_11_0_universal2.whl", hash = "sha256:cf855b1af246720f567b0ce5d0724d45dfa4188eecc3296a2a69257b11b9e94b", size = 11970995, upload-time = "2026-07-08T12:34:33.603Z" },
    { url = "https://files.pythonhosted.org/packages/5b/7e/21b1acb052876ad00959ec4d1b05fe08607d650bcfa282073bb164c2703c/grpcio-1.82.1-cp311-cp311-manylinux2014_aarch64.manylinux_2_17_aarch64.whl", hash = "sha256:ddb30cb13e25bc13cea70ffc69d6d90c49d36ea6c1d4549e6912f70177834cac", size = 6760127, upload-time = "2026-07-08T12:34:36.122Z" },
    { url = "https://files.pythonhosted.org/packages/3e/12/25eef9c245c54f0061317d13a302357fe8ea03bac240b2b02ececcf54da4/grpcio-1.82.1-cp311-cp311-manylinux2014_i686.manylinux_2_17_i686.whl", hash = "sha256:1e822b2774f719c017cbe700b6e47173b6ae290fb84906f52a5a3c2c60b62e1e", size = 7484377, upload-time = "2026-07-08T12:34:38.368Z" },
    { url = "https://files.pythonhosted.org/packages/a0/41/1a348767eb9d9bd7765dc4fa8a01723d3bb386d67f981ee5c6f9c02b8b1c/grpcio-1.82.1-cp311-cp311-manylinux2014_x86_64.manylinux_2_17_x86_64.whl", hash = "sha256:5dafb1ece8ed45dee7c738f166ec82e19673221ed5ab8967f72858a4685345b2", size = 6924269, upload-time = "2026-07-08T12:34:40.583Z" },
    { url = "https://files.pythonhosted.org/packages/e4/b9/3aae7a03d34c86ea27988db859a6087c186f6c3f53f9b551e07afd989bfa/grpcio-1.82.1-cp311-cp311-musllinux_1_2_aarch64.whl", hash = "sha256:e06503106e7271e0a49fd5a1ac04747f1e47e87d900476db6fe45bc87ee411f4", size = 7531848, upload-time = "2026-07-08T12:34:43.277Z" },
    { url = "https://files.pythonhosted.org/packages/3c/2e/3c4afa625d0dac9090707966916284c035fc5b2fb3e2c51e156accee6735/grpcio-1.82.1-cp311-cp311-musllinux_1_2_i686.whl", hash = "sha256:ff99bc8cafb6a952201c37b995f425e641c93ffa6e072258525feab57290141d", size = 8568217, upload-time = "2026-07-08T12:34:45.502Z" },
    { url = "https://files.pythonhosted.org/packages/20/9c/d8489c628e73e20a3d034e7f66912de7b1acb405f01d388f056a88e47924/grpcio-1.82.1-cp311-cp311-musllinux_1_2_x86_64.whl", hash = "sha256:644ae1b94266ac785330f4590a69e52b6a7eb73029043a02209db81c81397d69", size = 7938771, upload-time = "2026-07-08T12:34:48.323Z" },
    { url = "https://files.pythonhosted.org/packages/4b/b7/0a92cfd1658f3a896d4aa12d4efeb7dd4ddfc723725ae22741a5241ea710/grpcio-1.82.1-cp311-cp311-win32.whl", hash = "sha256:e203d2e19d471630084a16c815616f8211dff21c268ab3c5f5bf38417832e074", size = 4256432, upload-time = "2026-07-08T12:34:50.432Z" },
    { url = "https://files.pythonhosted.org/packages/c7/6a/2872c761b025d9ec74386f22a4a7d59c5a5b00ebf718761b33739ffc45de/grpcio-1.82.1-cp311-cp311-win_amd64.whl", hash = "sha256:0d8299c285fe6cc6a1f56badf8d3bc5078c8d20273ee64bafa3783b4bc29a769", size = 5009633, upload-time = "2026-07-08T12:34:52.67Z" },
    { url = "https://files.pythonhosted.org/packages/dc/88/d1350bf3343a2ed87d801584e40609f6c6bd3087926eeca03de50348cf4a/grpcio-1.82.1-cp312-cp312-linux_armv7l.whl", hash = "sha256:c09bd5fa0d5b1fbd773ec349fe61441c3e4ebf168c229aa7538a820bdfad6a58", size = 6144689, upload-time = "2026-07-08T12:34:55.567Z" },
    { url = "https://files.pythonhosted.org/packages/e6/33/71875cdecd27c24ac1385d4783a09853f01b84a825a36aec2a2bc7d0d080/grpcio-1.82.1-cp312-cp312-macosx_11_0_universal2.whl", hash = "sha256:1eae24810720734598e3e6a1a528d5de0f265fe3fc86575e9ecce424b9ec7379", size = 11952034, upload-time = "2026-07-08T12:34:58.128Z" },
    { url = "https://files.pythonhosted.org/packages/82/b2/d9125df3d8a140dec12cc82c05b7deafedeababcff6496f28b2fd5634d10/grpcio-1.82.1-cp312-cp312-manylinux2014_aarch64.manylinux_2_17_aarch64.whl", hash = "sha256:a6bd5daf5bde7b24d7ad2cbaf8bf9eac620d96222016bb5e7ddde930dec0673f", size = 6710772, upload-time = "2026-07-08T12:35:01.33Z" },
    { url = "https://files.pythonhosted.org/packages/88/9b/69e2d1627398b964f34437dc476a5aff5a2cc8e7f247d26272b5674b5faf/grpcio-1.82.1-cp312-cp312-manylinux2014_i686.manylinux_2_17_i686.whl", hash = "sha256:1ecfde669cb687ac020d31ff76debe5dc7a62213335f02262eb6625628da1c03", size = 7450677, upload-time = "2026-07-08T12:35:03.926Z" },
    { url = "https://files.pythonhosted.org/packages/e4/e7/8f855ca29c294956122a2a73023655b9b02602d5111dad2b9b00e7631c68/grpcio-1.82.1-cp312-cp312-manylinux2014_x86_64.manylinux_2_17_x86_64.whl", hash = "sha256:011c8badee95734dee8bf05ce3464756a0ac3ebb8d443afd20c0e2b5e4640ad9", size = 6886855, upload-time = "2026-07-08T12:35:06.174Z" },
    { url = "https://files.pythonhosted.org/packages/5f/f0/fa87e85f49925f44c479d07e58b051e69bcfef6b6d5fbc6749d140f6730a/grpcio-1.82.1-cp312-cp312-musllinux_1_2_aarch64.whl", hash = "sha256:b85f4564926fb23114d239392bdcae200db1e6179629edd7d7ab0ab89c96a197", size = 7501323, upload-time = "2026-07-08T12:35:08.49Z" },
    { url = "https://files.pythonhosted.org/packages/67/55/2e0b10ae1d3ef9dcc480b91dc2158f4931fc4675d3af0a2836e39b2a744f/grpcio-1.82.1-cp312-cp312-musllinux_1_2_i686.whl", hash = "sha256:2c0c8270833395644c3fe6b6a806397955a2bc0538000a19a78b90c05a6c16e0", size = 8536899, upload-time = "2026-07-08T12:35:10.975Z" },
    { url = "https://files.pythonhosted.org/packages/bd/95/a3d8b0431fa221efc51ee39d73595ede74ba82a43b7c4313192e580face2/grpcio-1.82.1-cp312-cp312-musllinux_1_2_x86_64.whl", hash = "sha256:2ba199205ff46c7778290fe1673c91ac8e7e45678dd5c86e9e56fa33ec8788f6", size = 7913892, upload-time = "2026-07-08T12:35:13.944Z" },
    { url = "https://files.pythonhosted.org/packages/b8/92/f2651ec704d9852a56faef394775038afba435b50ce82ab2404d119c3355/grpcio-1.82.1-cp312-cp312-win32.whl", hash = "sha256:06127691866e295c14e84a1fb86356dd962254f6abd0da4ca4b001eea9e89438", size = 4240985, upload-time = "2026-07-08T12:35:16.048Z" },
    { url = "https://files.pythonhosted.org/packages/96/4f/a5fe8bf0d0a1b24855f370293075c931f27de4eb55f0f158786095bf3c11/grpcio-1.82.1-cp312-cp312-win_amd64.whl", hash = "sha256:1fa3223a3a2e1db74f4c2b255189eb7ea875dfba56e221d252ee3fc7b204778e", size = 5001580, upload-time = "2026-07-08T12:35:18.689Z" },
    { url = "https://files.pythonhosted.org/packages/1b/3e/496992d08c0aaa11272eb6228dc8ab947da01fe835de243cd00521bce4c4/grpcio-1.82.1-cp313-cp313-linux_armv7l.whl", hash = "sha256:b454a2d97bfab7565683a02345f86bd182ab69fd7c2bdb7414171e7538f266b1", size = 6146068, upload-time = "2026-07-08T12:35:21.365Z" },
    { url = "https://files.pythonhosted.org/packages/e7/8f/f263d6f14fdba6b56cfadd91fd3e158a52682b72c6016d1f8723d435659f/grpcio-1.82.1-cp313-cp313-macosx_11_0_universal2.whl", hash = "sha256:3dde70abfc80b3be11de53ba0d601c439e7fb2afd3583ad1788d1146bec92fdc", size = 11948600, upload-time = "2026-07-08T12:35:24.312Z" },
    { url = "https://files.pythonhosted.org/packages/8c/14/3a02e6ee49c2d85bc15eaae321e0e11ab3542cad3c5b2de121ecce0c4296/grpcio-1.82.1-cp313-cp313-manylinux2014_aarch64.manylinux_2_17_aarch64.whl", hash = "sha256:f5523099c98c292ea1ae08e617249db760c56a78f8deae879027fe7d1ffbcbf6", size = 6714591, upload-time = "2026-07-08T12:35:27.027Z" },
    { url = "https://files.pythonhosted.org/packages/69/80/58e3738696f48ab7645347b98d8a7f93d10e00e6218388fbfcd6c9310e3d/grpcio-1.82.1-cp313-cp313-manylinux2014_i686.manylinux_2_17_i686.whl", hash = "sha256:5e5c4dc0a59b0f8490a6bdfd6fc8395b9d8ad8a8407c7d67ca7b5bba15c0877f", size = 7454995, upload-time = "2026-07-08T12:35:29.599Z" },
    { url = "https://files.pythonhosted.org/packages/f3/6c/2557c1a889363072fbf2285ecd0e8c44860d4dbd60f017a32537c5b863e2/grpcio-1.82.1-cp313-cp313-manylinux2014_x86_64.manylinux_2_17_x86_64.whl", hash = "sha256:c40d94ba820329cc191981bc22fa6f6eed0799c6d921f3c6709521d59d4a2fd7", size = 6888621, upload-time = "2026-07-08T12:35:32.38Z" },
    { url = "https://files.pythonhosted.org/packages/d2/66/907706ccaff1223f1e10fd5b37fc16faead43392fccb4e786e7e390ac141/grpcio-1.82.1-cp313-cp313-musllinux_1_2_aarch64.whl", hash = "sha256:4c816180e31e273caaec6f8bd86a8392499d5bbb26f41da44e3dce48bde69095", size = 7505069, upload-time = "2026-07-08T12:35:35.072Z" },
    { url = "https://files.pythonhosted.org/packages/b3/7c/ff97b0d0f635987ee5ec80dfedafa1aad629303745d48e8637d10eec5b80/grpcio-1.82.1-cp313-cp313-musllinux_1_2_i686.whl", hash = "sha256:e31fd780b261830720cb70b0fd8f0aa51d49e75a66d7464ad2e31d4b765f2580", size = 8535384, upload-time = "2026-07-08T12:35:37.954Z" },
    { url = "https://files.pythonhosted.org/packages/62/9e/a97fddd970a8d1588cade06eca20443761c1858b0ad6590a5c835aa18062/grpcio-1.82.1-cp313-cp313-musllinux_1_2_x86_64.whl", hash = "sha256:9d76152d7c31d7210d4a106e5d8b64da5bba5d6abf11be30e2f7b0a0c59bbcbf", size = 7910707, upload-time = "2026-07-08T12:35:40.797Z" },
    { url = "https://files.pythonhosted.org/packages/20/e4/eaba1517888af483a88d449eb7566f0f7f63446d46f339c5891798435875/grpcio-1.82.1-cp313-cp313-win32.whl", hash = "sha256:38e9dcb5258226fb3282630b31b16a968df52c8c6ad514af540646e0a4578f8a", size = 4240363, upload-time = "2026-07-08T12:35:43.298Z" },
    { url = "https://files.pythonhosted.org/packages/b0/42/66a98d47732e35290bef722f6149fed3709cd4cf61166f6f53a12f417302/grpcio-1.82.1-cp313-cp313-win_amd64.whl", hash = "sha256:3dbfb52c36d9511ac2b8e6c94fdde837b393ae520cc321f52a333a2deedf5a90", size = 5000980, upload-time = "2026-07-08T12:35:46.262Z" },
    { url = "https://files.pythonhosted.org/packages/b4/cb/cf9ae9e164c6e6dc8a494faa9771763df9da150eefe19671009624d1559f/grpcio-1.82.1-cp314-cp314-linux_armv7l.whl", hash = "sha256:35f990f7784c8fd2872644f07f96ebb4d9e48e145a190ab80d0280af91a1bfb2", size = 6146901, upload-time = "2026-07-08T12:35:49.261Z" },
    { url = "https://files.pythonhosted.org/packages/3b/2a/eccf26dbcfb7f7cab8027c5490a16c8937c5aa7a2ec20a3eab2cf7a43165/grpcio-1.82.1-cp314-cp314-macosx_11_0_universal2.whl", hash = "sha256:46536a4a1f4434df3c851b9254ff6fc7df5705b273681a15ca277d5921c178a0", size = 11954756, upload-time = "2026-07-08T12:35:52.196Z" },
    { url = "https://files.pythonhosted.org/packages/ad/75/3b3b4a3cc9f084b026af96e1d3e539b1af29ec7f41ed0dfff3cb99cc8626/grpcio-1.82.1-cp314-cp314-manylinux2014_aarch64.manylinux_2_17_aarch64.whl", hash = "sha256:d6650a7c1ebb7921c70e12a385439a8118efb99e669fa9ed31cf25db1843937c", size = 6723087, upload-time = "2026-07-08T12:35:54.973Z" },
    { url = "https://files.pythonhosted.org/packages/9c/8b/b0f0c9b1400a99a4da4c09b114f101b192f8f11192e76f620b8962f5d90b/grpcio-1.82.1-cp314-cp314-manylinux2014_i686.manylinux_2_17_i686.whl", hash = "sha256:b8e110c66df5204c0506d6c8787b35d48b8b699ef5aa366d6c4d67325c67fe9a", size = 7454542, upload-time = "2026-07-08T12:35:57.586Z" },
    { url = "https://files.pythonhosted.org/packages/b7/bd/428e38868382aa193697a5aa53973f29c58e58ba4268aa0c86a2715ee58b/grpcio-1.82.1-cp314-cp314-manylinux2014_x86_64.manylinux_2_17_x86_64.whl", hash = "sha256:f853eae07235a51a27bb5d6a9a175a59ca55dc9b99edc6ce2f76f07332d333ae", size = 6889588, upload-time = "2026-07-08T12:36:00.012Z" },
    { url = "https://files.pythonhosted.org/packages/49/ce/03e01d5e10259bf5c08ee50570cc94724e79c956f61fd2f09b341af0956c/grpcio-1.82.1-cp314-cp314-musllinux_1_2_aarch64.whl", hash = "sha256:60b0f2c95337694fc094b77d9f60f50566c84b5677393e342eb98daeee242d98", size = 7514166, upload-time = "2026-07-08T12:36:02.693Z" },
    { url = "https://files.pythonhosted.org/packages/ff/59/278b4b600329e2ba3849f3c1ea3c820b3a01b38a7ad184ba09595e8d2733/grpcio-1.82.1-cp314-cp314-musllinux_1_2_i686.whl", hash = "sha256:b064fc444812bdaa9825d33c26f8d732d63ee6a5d78557c1faf92c98687fed27", size = 8536166, upload-time = "2026-07-08T12:36:05.349Z" },
    { url = "https://files.pythonhosted.org/packages/44/27/7ccf2ef00f27a8e47a79d641c8ceaf7d3028c7a03d9a97b4c8a9a783c086/grpcio-1.82.1-cp314-cp314-musllinux_1_2_x86_64.whl", hash = "sha256:7d7ede11d747b4e1bd05e3bc0260e155b65a88735a895a10f6521f19b889511e", size = 7912572, upload-time = "2026-07-08T12:36:08.393Z" },
    { url = "https://files.pythonhosted.org/packages/0d/be/33742482d2753f2d3a1b7641664b6622262d44f2f3b609f13425dd86d36f/grpcio-1.82.1-cp314-cp314-win32.whl", hash = "sha256:3d21f19838dc255ecbb79321b15ae9b98fbddff4c3d4aedb0a81bdd7f4ab572a", size = 4321856, upload-time = "2026-07-08T12:36:10.899Z" },
    { url = "https://files.pythonhosted.org/packages/cc/67/03329c847172c78ddeb1eb9be6b444fdbc12775a84c958b27e427e7b926d/grpcio-1.82.1-cp314-cp314-win_amd64.whl", hash = "sha256:e20f1edbb15f99e3128ec86433f9785fd5a451d8f115e74fe0056134f092a9d5", size = 5141114, upload-time = "2026-07-08T12:36:13.595Z" },
]

[[package]]
name = "nexus-rpc"
version = "1.4.0"
source = { registry = "https://pypi.org/simple" }
dependencies = [
    { name = "typing-extensions" },
]
sdist = { url = "https://files.pythonhosted.org/packages/35/d5/cd1ffb202b76ebc1b33c1332a3416e55a39929006982adc2b1eb069aaa9b/nexus_rpc-1.4.0.tar.gz", hash = "sha256:3b8b373d4865671789cc43623e3dc0bcbf192562e40e13727e17f1c149050fba", size = 82367, upload-time = "2026-02-25T22:01:34.053Z" }
wheels = [
    { url = "https://files.pythonhosted.org/packages/11/52/6327a5f4fda01207205038a106a99848a41c83e933cd23ea2cab3d2ebc6c/nexus_rpc-1.4.0-py3-none-any.whl", hash = "sha256:14c953d3519113f8ccec533a9efdb6b10c28afef75d11cdd6d422640c40b3a49", size = 29645, upload-time = "2026-02-25T22:01:33.122Z" },
]

[[package]]
name = "opentelemetry-api"
version = "1.44.0"
source = { registry = "https://pypi.org/simple" }
dependencies = [
    { name = "typing-extensions" },
]
sdist = { url = "https://files.pythonhosted.org/packages/ee/8b/aa9e2d8b8dfa7c946f7dec5d1f8f6ba8eca062f43509a06bdb5ce93d26c0/opentelemetry_api-1.44.0.tar.gz", hash = "sha256:67647e5e9566edcf421166fdf022b3537f818635daa852b289e34604dc6fb33a", size = 72406, upload-time = "2026-07-16T15:25:32.678Z" }
wheels = [
    { url = "https://files.pythonhosted.org/packages/ca/6f/a04e900f465ff3221ccc395522503e2d10e79fa21f2723c8e177aae1e0d1/opentelemetry_api-1.44.0-py3-none-any.whl", hash = "sha256:94b98c893a91b88657eaac1e3ba89618cdb85be6918196705354f34728b2cdef", size = 60018, upload-time = "2026-07-16T15:25:11.657Z" },
]

[[package]]
name = "opentelemetry-exporter-otlp-proto-common"
version = "1.44.0"
source = { registry = "https://pypi.org/simple" }
dependencies = [
    { name = "opentelemetry-proto" },
]
sdist = { url = "https://files.pythonhosted.org/packages/61/09/4d717852c1cf3f854b76c7110a5d00883bc3c99288b9b0dbcbeb9e306eb6/opentelemetry_exporter_otlp_proto_common-1.44.0.tar.gz", hash = "sha256:dc87a5a5bc58f149a56d1547e4691588fa12994cdc3bc039a694ccb3375862ac", size = 20202, upload-time = "2026-07-16T15:25:37.658Z" }
wheels = [
    { url = "https://files.pythonhosted.org/packages/5e/71/65fd9d54c10b860f87c045ccee1264cab7011268895d3528818a29c1172a/opentelemetry_exporter_otlp_proto_common-1.44.0-py3-none-any.whl", hash = "sha256:9a9fe61bba73d802904bc989f1d6b4a7b1ee40f06c40e98d6f85af65aaebb694", size = 17045, upload-time = "2026-07-16T15:25:18.201Z" },
]

[[package]]
name = "opentelemetry-exporter-otlp-proto-grpc"
version = "1.44.0"
source = { registry = "https://pypi.org/simple" }
dependencies = [
    { name = "googleapis-common-protos" },
    { name = "grpcio" },
    { name = "opentelemetry-api" },
    { name = "opentelemetry-exporter-otlp-proto-common" },
    { name = "opentelemetry-proto" },
    { name = "opentelemetry-sdk" },
    { name = "typing-extensions" },
]
sdist = { url = "https://files.pythonhosted.org/packages/1f/47/80d9e9d468dc5de3af5096f5ccdb065fa4dd1470f74495cc53e59e397f47/opentelemetry_exporter_otlp_proto_grpc-1.44.0.tar.gz", hash = "sha256:40d1ae9e03fcc36de3cbac610cc99f35894938bff9cfd90fc4ec68bd85448463", size = 27225, upload-time = "2026-07-16T15:25:38.308Z" }
wheels = [
    { url = "https://files.pythonhosted.org/packages/54/29/6ae42ba32b153ae0a44ae125f0caff2188bbe62d99c82d1768da30864e72/opentelemetry_exporter_otlp_proto_grpc-1.44.0-py3-none-any.whl", hash = "sha256:6a1a645ea182a2f59440c51fa8301d309f3324a8f9d65f8395584b064b67ee4e", size = 19624, upload-time = "2026-07-16T15:25:19.096Z" },
]

[[package]]
name = "opentelemetry-proto"
version = "1.44.0"
source = { registry = "https://pypi.org/simple" }
dependencies = [
    { name = "protobuf" },
]
sdist = { url = "https://files.pythonhosted.org/packages/64/01/40ac4ae9a149263cc52c2cee200ddd80cb6d8db1a4610abf8eabce0fe771/opentelemetry_proto-1.44.0.tar.gz", hash = "sha256:c547a79c2f8c0c515d31509154682e5921c7cfd5ca67b70e1f9266e2c3e103f3", size = 46488, upload-time = "2026-07-16T15:25:45.34Z" }
wheels = [
    { url = "https://files.pythonhosted.org/packages/d1/7c/8be563d68e93bbefa5c8affb82ddcff91b3ad858ce49957ba7b16fd3e0ab/opentelemetry_proto-1.44.0-py3-none-any.whl", hash = "sha256:898b155a0e1557afd867478fb6158e8122a46329ca0bb8dc53cc55e98f017f56", size = 72483, upload-time = "2026-07-16T15:25:28.429Z" },
]

[[package]]
name = "opentelemetry-sdk"
version = "1.44.0"
source = { registry = "https://pypi.org/simple" }
dependencies = [
    { name = "opentelemetry-api" },
    { name = "opentelemetry-semantic-conventions" },
    { name = "typing-extensions" },
]
sdist = { url = "https://files.pythonhosted.org/packages/5d/77/a6592cbc7c8d9bcc9d6757a9df45e04a7c585e3e6e7a13456da522b21109/opentelemetry_sdk-1.44.0.tar.gz", hash = "sha256:cebe7f65dc12f26ead75c6064de12fd2a9052e5060c0272d402cfa203aae123b", size = 208624, upload-time = "2026-07-16T15:25:46.078Z" }
wheels = [
    { url = "https://files.pythonhosted.org/packages/e7/23/ff077e61886ee020a17ce9c8b6fa11c601c8d8345b09ea24f605445df62a/opentelemetry_sdk-1.44.0-py3-none-any.whl", hash = "sha256:df081c4c6bcfdb1211e3e86140376792643128a25f8d72d1d27675936e7e96ad", size = 137221, upload-time = "2026-07-16T15:25:29.534Z" },
]

[[package]]
name = "opentelemetry-semantic-conventions"
version = "0.65b0"
source = { registry = "https://pypi.org/simple" }
dependencies = [
    { name = "opentelemetry-api" },
    { name = "typing-extensions" },
]
sdist = { url = "https://files.pythonhosted.org/packages/8f/73/0cbdebcb4cf545fdd328da14f5137e37d0770c3f26185e478b0d15d94f50/opentelemetry_semantic_conventions-0.65b0.tar.gz", hash = "sha256:f9b2b81e9d5b64f11bc952075e7e9c7fb0aab075c7fd1c46d597f1b919852d60", size = 148774, upload-time = "2026-07-16T15:25:46.902Z" }
wheels = [
    { url = "https://files.pythonhosted.org/packages/a6/0e/49df70d9b81fb5cbae4bbf2a49d865b09bcbcbc4eb53f5851b1027738d78/opentelemetry_semantic_conventions-0.65b0-py3-none-any.whl", hash = "sha256:1cacde7b0ad306f84c5ef08c3dbe1bbaf20165bba6f8bff43b670e555a086bcb", size = 204645, upload-time = "2026-07-16T15:25:30.688Z" },
]

[[package]]
name = "protobuf"
version = "6.33.6"
source = { registry = "https://pypi.org/simple" }
sdist = { url = "https://files.pythonhosted.org/packages/66/70/e908e9c5e52ef7c3a6c7902c9dfbb34c7e29c25d2f81ade3856445fd5c94/protobuf-6.33.6.tar.gz", hash = "sha256:a6768d25248312c297558af96a9f9c929e8c4cee0659cb07e780731095f38135", size = 444531, upload-time = "2026-03-18T19:05:00.988Z" }
wheels = [
    { url = "https://files.pythonhosted.org/packages/fc/9f/2f509339e89cfa6f6a4c4ff50438db9ca488dec341f7e454adad60150b00/protobuf-6.33.6-cp310-abi3-win32.whl", hash = "sha256:7d29d9b65f8afef196f8334e80d6bc1d5d4adedb449971fefd3723824e6e77d3", size = 425739, upload-time = "2026-03-18T19:04:48.373Z" },
    { url = "https://files.pythonhosted.org/packages/76/5d/683efcd4798e0030c1bab27374fd13a89f7c2515fb1f3123efdfaa5eab57/protobuf-6.33.6-cp310-abi3-win_amd64.whl", hash = "sha256:0cd27b587afca21b7cfa59a74dcbd48a50f0a6400cfb59391340ad729d91d326", size = 437089, upload-time = "2026-03-18T19:04:50.381Z" },
    { url = "https://files.pythonhosted.org/packages/5c/01/a3c3ed5cd186f39e7880f8303cc51385a198a81469d53d0fdecf1f64d929/protobuf-6.33.6-cp39-abi3-macosx_10_9_universal2.whl", hash = "sha256:9720e6961b251bde64edfdab7d500725a2af5280f3f4c87e57c0208376aa8c3a", size = 427737, upload-time = "2026-03-18T19:04:51.866Z" },
    { url = "https://files.pythonhosted.org/packages/ee/90/b3c01fdec7d2f627b3a6884243ba328c1217ed2d978def5c12dc50d328a3/protobuf-6.33.6-cp39-abi3-manylinux2014_aarch64.whl", hash = "sha256:e2afbae9b8e1825e3529f88d514754e094278bb95eadc0e199751cdd9a2e82a2", size = 324610, upload-time = "2026-03-18T19:04:53.096Z" },
    { url = "https://files.pythonhosted.org/packages/9b/ca/25afc144934014700c52e05103c2421997482d561f3101ff352e1292fb81/protobuf-6.33.6-cp39-abi3-manylinux2014_s390x.whl", hash = "sha256:c96c37eec15086b79762ed265d59ab204dabc53056e3443e702d2681f4b39ce3", size = 339381, upload-time = "2026-03-18T19:04:54.616Z" },
    { url = "https://files.pythonhosted.org/packages/16/92/d1e32e3e0d894fe00b15ce28ad4944ab692713f2e7f0a99787405e43533a/protobuf-6.33.6-cp39-abi3-manylinux2014_x86_64.whl", hash = "sha256:e9db7e292e0ab79dd108d7f1a94fe31601ce1ee3f7b79e0692043423020b0593", size = 323436, upload-time = "2026-03-18T19:04:55.768Z" },
    { url = "https://files.pythonhosted.org/packages/c4/72/02445137af02769918a93807b2b7890047c32bfb9f90371cbc12688819eb/protobuf-6.33.6-py3-none-any.whl", hash = "sha256:77179e006c476e69bf8e8ce866640091ec42e1beb80b213c3900006ecfba6901", size = 170656, upload-time = "2026-03-18T19:04:59.826Z" },
]

[[package]]
name = "python-dateutil"
version = "2.9.0.post0"
source = { registry = "https://pypi.org/simple" }
dependencies = [
    { name = "six" },
]
sdist = { url = "https://files.pythonhosted.org/packages/66/c0/0c8b6ad9f17a802ee498c46e004a0eb49bc148f2fd230864601a86dcf6db/python-dateutil-2.9.0.post0.tar.gz", hash = "sha256:37dd54208da7e1cd875388217d5e00ebd4179249f90fb72437e91a35459a0ad3", size = 342432, upload-time = "2024-03-01T18:36:20.211Z" }
wheels = [
    { url = "https://files.pythonhosted.org/packages/ec/57/56b9bcc3c9c6a792fcbaf139543cee77261f3651ca9da0c93f5c1221264b/python_dateutil-2.9.0.post0-py2.py3-none-any.whl", hash = "sha256:a8b2bc7bffae282281c8140a97d3aa9c14da0b136dfe83f850eea9a5f7470427", size = 229892, upload-time = "2024-03-01T18:36:18.57Z" },
]

[[package]]
name = "six"
version = "1.17.0"
source = { registry = "https://pypi.org/simple" }
sdist = { url = "https://files.pythonhosted.org/packages/94/e7/b2c673351809dca68a0e064b6af791aa332cf192da575fd474ed7d6f16a2/six-1.17.0.tar.gz", hash = "sha256:ff70335d468e7eb6ec65b95b99d3a2836546063f63acc5171de367e834932a81", size = 34031, upload-time = "2024-12-04T17:35:28.174Z" }
wheels = [
    { url = "https://files.pythonhosted.org/packages/b7/ce/149a00dd41f10bc29e5921b496af8b574d8413afcd5e30dfa0ed46c2cc5e/six-1.17.0-py2.py3-none-any.whl", hash = "sha256:4721f391ed90541fddacab5acf947aa0d3dc7d27b2e1e8eda2be8970586c3274", size = 11050, upload-time = "2024-12-04T17:35:26.475Z" },
]

[[package]]
name = "temporalio"
version = "1.27.2"
source = { git = "https://github.com/temporalio/sdk-python?rev=6eeb6f1f38888fce5eab7fdf58c439bcd8d2e163#6eeb6f1f38888fce5eab7fdf58c439bcd8d2e163" }
dependencies = [
    { name = "nexus-rpc" },
    { name = "protobuf" },
    { name = "python-dateutil", marker = "python_full_version < '3.11'" },
    { name = "types-protobuf" },
    { name = "typing-extensions" },
]

[package.optional-dependencies]
gcp-opentelemetry = [
    { name = "opentelemetry-api" },
    { name = "opentelemetry-exporter-otlp-proto-grpc" },
    { name = "opentelemetry-sdk" },
]

[[package]]
name = "temporalio-gcp-open-telemetry-sample"
version = "0.1.0"
source = { virtual = "." }
dependencies = [
    { name = "temporalio", extra = ["gcp-opentelemetry"] },
]

[package.metadata]
requires-dist = [{ name = "temporalio", extras = ["gcp-opentelemetry"], git = "https://github.com/temporalio/sdk-python?rev=6eeb6f1f38888fce5eab7fdf58c439bcd8d2e163" }]

[[package]]
name = "types-protobuf"
version = "6.32.1.20260221"
source = { registry = "https://pypi.org/simple" }
sdist = { url = "https://files.pythonhosted.org/packages/5f/e2/9aa4a3b2469508bd7b4e2ae11cbedaf419222a09a1b94daffcd5efca4023/types_protobuf-6.32.1.20260221.tar.gz", hash = "sha256:6d5fb060a616bfb076cbb61b4b3c3969f5fc8bec5810f9a2f7e648ee5cbcbf6e", size = 64408, upload-time = "2026-02-21T03:55:13.916Z" }
wheels = [
    { url = "https://files.pythonhosted.org/packages/2e/e8/1fd38926f9cf031188fbc5a96694203ea6f24b0e34bd64a225ec6f6291ba/types_protobuf-6.32.1.20260221-py3-none-any.whl", hash = "sha256:da7cdd947975964a93c30bfbcc2c6841ee646b318d3816b033adc2c4eb6448e4", size = 77956, upload-time = "2026-02-21T03:55:12.894Z" },
]

[[package]]
name = "typing-extensions"
version = "4.16.0"
source = { registry = "https://pypi.org/simple" }
sdist = { url = "https://files.pythonhosted.org/packages/f6/cc/6253133b5bb138fc3306cebfbda2c520f545d36b5be2c7255cc528bb45d6/typing_extensions-4.16.0.tar.gz", hash = "sha256:dc983d19a509c94dba722ee6abd33940f7c05a89e243c47e907eb4db6f1a43e5", size = 113555, upload-time = "2026-07-02T08:40:05.92Z" }
wheels = [
    { url = "https://files.pythonhosted.org/packages/49/d3/b8441a820a491ddfc024b0b0cf0393375b75ea13866d9c66727e54c2fc80/typing_extensions-4.16.0-py3-none-any.whl", hash = "sha256:481caa481374e813c1b176ada14e97f1f67a4539ce9cfeb3f350d78d6370c2e8", size = 45571, upload-time = "2026-07-02T08:40:04.659Z" },
]
